# @generated by Move, please check-in and do not edit manually.

[move]
version = 3
manifest_digest = "6140A8B9D5DD8EBEB536F10CD19A1A32CEEB9C834A202FAB946A64D66FFA2B0E"
deps_digest = "F8BBB0CCB2491CA29A3DF03D6F92277A4F3574266507ACD77214D37ECA3F3082"
dependencies = [
  { id = "Sui", name = "Sui" },
]

[[move.package]]
id = "MoveStdlib"
source = { git = "https://github.com/MystenLabs/sui.git", rev = "framework/testnet", subdir = "crates/sui-framework/packages/move-stdlib" }

[[move.package]]
id = "Sui"
source = { git = "https://github.com/MystenLabs/sui.git", rev = "framework/testnet", subdir = "crates/sui-framework/packages/sui-framework" }

dependencies = [
  { id = "MoveStdlib", name = "MoveStdlib" },
]

[move.toolchain-version]
compiler-version = "1.39.3"
edition = "2024.beta"
flavor = "sui"

[env]

[env.localnet]
chain-id = "6a0040a1"
original-published-id = "0x1a2b3c4d5e6f708192a1b2c3d4e5f60718293a1b2c3d4e5f60718293a1b2c3d4"
latest-published-id = "0x4d3c2b1a092817605f4e3d2c1b0a91827364f5e4d3c2b1a0f6e5d4c3b2a1f0e9"
published-version = "1"
